
Microsoft Visual Studio Solution File, Format Version 12.00
# Visual Studio Version 16
VisualStudioVersion = 16.0.30621.155
MinimumVisualStudioVersion = 10.0.40219.1
Project("{FAE04EC0-301F-11D3-BF4B-00C04F79EFBC}") = "271", "271\271.csproj", "{70A93012-C413-4598-9548-6D9DA81C643C}"
EndProject
Project("{FAE04EC0-301F-11D3-BF4B-00C04F79EFBC}") = "272", "272\272.csproj", "{D1BBE30C-8066-4ACD-972E-57B0CBD0FE6D}"
EndProject
Project("{FAE04EC0-301F-11D3-BF4B-00C04F79EFBC}") = "273", "273\273.csproj", "{44EE0CD2-7A55-4998-A47C-107AA97DBE25}"
EndProject
Project("{FAE04EC0-301F-11D3-BF4B-00C04F79EFBC}") = "274", "274\274.csproj", "{CBB08A49-858A-4C8F-8384-82A8B9BFF078}"
EndProject
Project("{FAE04EC0-301F-11D3-BF4B-00C04F79EFBC}") = "275", "275\275.csproj", "{6A45589C-F4AC-4164-A5E9-2C984A0D7F8C}"
EndProject
Project("{FAE04EC0-301F-11D3-BF4B-00C04F79EFBC}") = "276", "276\276.csproj", "{9EC71447-15CB-410A-B8C0-B17F838E5DBE}"
EndProject
Project("{FAE04EC0-301F-11D3-BF4B-00C04F79EFBC}") = "277", "277\277.csproj", "{9CA583AD-E811-43A2-8C3A-02EA19708327}"
EndProject
Project("{FAE04EC0-301F-11D3-BF4B-00C04F79EFBC}") = "278", "278\278.csproj", "{C4019D5D-92DA-4266-B76F-5D1700D93CE8}"
EndProject
Project("{FAE04EC0-301F-11D3-BF4B-00C04F79EFBC}") = "279", "279\279.csproj", "{12840BD6-AAD3-4030-AE80-C8B72557D1A7}"
EndProject
Project("{FAE04EC0-301F-11D3-BF4B-00C04F79EFBC}") = "280", "280\280.csproj", "{4B79F8BC-6777-41B5-A191-49F65F161A37}"
EndProject
Global
	GlobalSection(SolutionConfigurationPlatforms) = preSolution
		Debug|Any CPU = Debug|Any CPU
		Release|Any CPU = Release|Any CPU
	EndGlobalSection
	GlobalSection(ProjectConfigurationPlatforms) = postSolution
		{70A93012-C413-4598-9548-6D9DA81C643C}.Debug|Any CPU.ActiveCfg = Debug|Any CPU
		{70A93012-C413-4598-9548-6D9DA81C643C}.Debug|Any CPU.Build.0 = Debug|Any CPU
		{70A93012-C413-4598-9548-6D9DA81C643C}.Release|Any CPU.ActiveCfg = Release|Any CPU
		{70A93012-C413-4598-9548-6D9DA81C643C}.Release|Any CPU.Build.0 = Release|Any CPU
		{D1BBE30C-8066-4ACD-972E-57B0CBD0FE6D}.Debug|Any CPU.ActiveCfg = Debug|Any CPU
		{D1BBE30C-8066-4ACD-972E-57B0CBD0FE6D}.Debug|Any CPU.Build.0 = Debug|Any CPU
		{D1BBE30C-8066-4ACD-972E-57B0CBD0FE6D}.Release|Any CPU.ActiveCfg = Release|Any CPU
		{D1BBE30C-8066-4ACD-972E-57B0CBD0FE6D}.Release|Any CPU.Build.0 = Release|Any CPU
		{44EE0CD2-7A55-4998-A47C-107AA97DBE25}.Debug|Any CPU.ActiveCfg = Debug|Any CPU
		{44EE0CD2-7A55-4998-A47C-107AA97DBE25}.Debug|Any CPU.Build.0 = Debug|Any CPU
		{44EE0CD2-7A55-4998-A47C-107AA97DBE25}.Release|Any CPU.ActiveCfg = Release|Any CPU
		{44EE0CD2-7A55-4998-A47C-107AA97DBE25}.Release|Any CPU.Build.0 = Release|Any CPU
		{CBB08A49-858A-4C8F-8384-82A8B9BFF078}.Debug|Any CPU.ActiveCfg = Debug|Any CPU
		{CBB08A49-858A-4C8F-8384-82A8B9BFF078}.Debug|Any CPU.Build.0 = Debug|Any CPU
		{CBB08A49-858A-4C8F-8384-82A8B9BFF078}.Release|Any CPU.ActiveCfg = Release|Any CPU
		{CBB08A49-858A-4C8F-8384-82A8B9BFF078}.Release|Any CPU.Build.0 = Release|Any CPU
		{6A45589C-F4AC-4164-A5E9-2C984A0D7F8C}.Debug|Any CPU.ActiveCfg = Debug|Any CPU
		{6A45589C-F4AC-4164-A5E9-2C984A0D7F8C}.Debug|Any CPU.Build.0 = Debug|Any CPU
		{6A45589C-F4AC-4164-A5E9-2C984A0D7F8C}.Release|Any CPU.ActiveCfg = Release|Any CPU
		{6A45589C-F4AC-4164-A5E9-2C984A0D7F8C}.Release|Any CPU.Build.0 = Release|Any CPU
		{9EC71447-15CB-410A-B8C0-B17F838E5DBE}.Debug|Any CPU.ActiveCfg = Debug|Any CPU
		{9EC71447-15CB-410A-B8C0-B17F838E5DBE}.Debug|Any CPU.Build.0 = Debug|Any CPU
		{9EC71447-15CB-410A-B8C0-B17F838E5DBE}.Release|Any CPU.ActiveCfg = Release|Any CPU
		{9EC71447-15CB-410A-B8C0-B17F838E5DBE}.Release|Any CPU.Build.0 = Release|Any CPU
		{9CA583AD-E811-43A2-8C3A-02EA19708327}.Debug|Any CPU.ActiveCfg = Debug|Any CPU
		{9CA583AD-E811-43A2-8C3A-02EA19708327}.Debug|Any CPU.Build.0 = Debug|Any CPU
		{9CA583AD-E811-43A2-8C3A-02EA19708327}.Release|Any CPU.ActiveCfg = Release|Any CPU
		{9CA583AD-E811-43A2-8C3A-02EA19708327}.Release|Any CPU.Build.0 = Release|Any CPU
		{C4019D5D-92DA-4266-B76F-5D1700D93CE8}.Debug|Any CPU.ActiveCfg = Debug|Any CPU
		{C4019D5D-92DA-4266-B76F-5D1700D93CE8}.Debug|Any CPU.Build.0 = Debug|Any CPU
		{C4019D5D-92DA-4266-B76F-5D1700D93CE8}.Release|Any CPU.ActiveCfg = Release|Any CPU
		{C4019D5D-92DA-4266-B76F-5D1700D93CE8}.Release|Any CPU.Build.0 = Release|Any CPU
		{12840BD6-AAD3-4030-AE80-C8B72557D1A7}.Debug|Any CPU.ActiveCfg = Debug|Any CPU
		{12840BD6-AAD3-4030-AE80-C8B72557D1A7}.Debug|Any CPU.Build.0 = Debug|Any CPU
		{12840BD6-AAD3-4030-AE80-C8B72557D1A7}.Release|Any CPU.ActiveCfg = Release|Any CPU
		{12840BD6-AAD3-4030-AE80-C8B72557D1A7}.Release|Any CPU.Build.0 = Release|Any CPU
		{4B79F8BC-6777-41B5-A191-49F65F161A37}.Debug|Any CPU.ActiveCfg = Debug|Any CPU
		{4B79F8BC-6777-41B5-A191-49F65F161A37}.Debug|Any CPU.Build.0 = Debug|Any CPU
		{4B79F8BC-6777-41B5-A191-49F65F161A37}.Release|Any CPU.ActiveCfg = Release|Any CPU
		{4B79F8BC-6777-41B5-A191-49F65F161A37}.Release|Any CPU.Build.0 = Release|Any CPU
	EndGlobalSection
	GlobalSection(SolutionProperties) = preSolution
		HideSolutionNode = FALSE
	EndGlobalSection
	GlobalSection(ExtensibilityGlobals) = postSolution
		SolutionGuid = {FB29CF61-C466-43A6-B1CA-3719774B6777}
	EndGlobalSection
EndGlobal
